{
  "name": "Dexter-Eternal",
  "lockfileVersion": 3,
  "requires": true,
  "packages": {
    "": {
      "dependencies": {
        "@openai/codex-sdk": "^0.95.0"
      }
    },
    "node_modules/@openai/codex-sdk": {
      "version": "0.95.0",
      "resolved": "https://registry.npmjs.org/@openai/codex-sdk/-/codex-sdk-0.95.0.tgz",
      "integrity": "sha512-OJhDgqQe67b683oj4okFtmueVDKkxzEKQ8jBqw96SdJskUxcUU9k7JeygubDoWUXOKY+Di/zAWroR/Xo3996oA==",
      "license": "Apache-2.0",
      "engines": {
        "node": ">=18"
      }
    }
  }
}
